// !$*UTF8*$!
{
	archiveVersion = 1;
	classes = {
	};
	objectVersion = 56;
	objects = {

/* Begin PBXBuildFile section */
		D96F2E522A5C2CE8002A88FC /* AppDelegate.swift in Sources */ = {isa = PBXBuildFile; fileRef = D97111A22A5C0CDF0096914C /* AppDelegate.swift */; };
		D96F2E532A5C2CE8002A88FC /* SceneDelegate.swift in Sources */ = {isa = PBXBuildFile; fileRef = D97111A42A5C0CDF0096914C /* SceneDelegate.swift */; };
		D96F2E542A5C2CE8002A88FC /* ViewController.swift in Sources */ = {isa = PBXBuildFile; fileRef = D97111A62A5C0CDF0096914C /* ViewController.swift */; };
		D96F2E552A5C2CE8002A88FC /* scanViewController.swift in Sources */ = {isa = PBXBuildFile; fileRef = D99123E92A5C1B4C0031EDA0 /* scanViewController.swift */; };
		D96F2E562A5C2CE8002A88FC /* settingViewController.swift in Sources */ = {isa = PBXBuildFile; fileRef = D99123EB2A5C1BA90031EDA0 /* settingViewController.swift */; };
		D96F2E572A5C2CE8002A88FC /* runViewController.swift in Sources */ = {isa = PBXBuildFile; fileRef = D99123E72A5C1B100031EDA0 /* runViewController.swift */; };
		D96F2E592A5C2D00002A88FC /* Main.storyboard in Resources */ = {isa = PBXBuildFile; fileRef = D97111A82A5C0CDF0096914C /* Main.storyboard */; };
		D96F2E5A2A5C2D00002A88FC /* Assets.xcassets in Resources */ = {isa = PBXBuildFile; fileRef = D97111AE2A5C0CE30096914C /* Assets.xcassets */; };
		D96F2E5B2A5C2D00002A88FC /* LaunchScreen.storyboard in Resources */ = {isa = PBXBuildFile; fileRef = D97111B02A5C0CE30096914C /* LaunchScreen.storyboard */; };
		D97111BD2A5C0CE30096914C /* shareTouchTests.swift in Sources */ = {isa = PBXBuildFile; fileRef = D97111BC2A5C0CE30096914C /* shareTouchTests.swift */; };
		D97111C72A5C0CE30096914C /* shareTouchUITests.swift in Sources */ = {isa = PBXBuildFile; fileRef = D97111C62A5C0CE30096914C /* shareTouchUITests.swift */; };
		D97111C92A5C0CE30096914C /* shareTouchUITestsLaunchTests.swift in Sources */ = {isa = PBXBuildFile; fileRef = D97111C82A5C0CE30096914C /* shareTouchUITestsLaunchTests.swift */; };
/* End PBXBuildFile section */

/* Begin PBXContainerItemProxy section */
		D97111B92A5C0CE30096914C /* PBXContainerItemProxy */ = {
			isa = PBXContainerItemProxy;
			containerPortal = D97111972A5C0CDF0096914C /* Project object */;
			proxyType = 1;
			remoteGlobalIDString = D971119E2A5C0CDF0096914C;
			remoteInfo = shareTouch;
		};
		D97111C32A5C0CE30096914C /* PBXContainerItemProxy */ = {
			isa = PBXContainerItemProxy;
			containerPortal = D97111972A5C0CDF0096914C /* Project object */;
			proxyType = 1;
			remoteGlobalIDString = D971119E2A5C0CDF0096914C;
			remoteInfo = shareTouch;
		};
/* End PBXContainerItemProxy section */

/* Begin PBXFileReference section */
		D96F2E4F2A5C2C23002A88FC /* shareTouch */ = {isa = PBXFileReference; lastKnownFileType = folder; path = shareTouch; sourceTree = "<group>"; };
		D971119F2A5C0CDF0096914C /* shareTouch.app */ = {isa = PBXFileReference; explicitFileType = wrapper.application; includeInIndex = 0; path = shareTouch.app; sourceTree = BUILT_PRODUCTS_DIR; };
		D97111A22A5C0CDF0096914C /* AppDelegate.swift */ = {isa = PBXFileReference; lastKnownFileType = sourcecode.swift; path = AppDelegate.swift; sourceTree = "<group>"; };
		D97111A42A5C0CDF0096914C /* SceneDelegate.swift */ = {isa = PBXFileReference; lastKnownFileType = sourcecode.swift; path = SceneDelegate.swift; sourceTree = "<group>"; };
		D97111A62A5C0CDF0096914C /* ViewController.swift */ = {isa = PBXFileReference; lastKnownFileType = sourcecode.swift; path = ViewController.swift; sourceTree = "<group>"; };
		D97111A92A5C0CDF0096914C /* Base */ = {isa = PBXFileReference; lastKnownFileType = file.storyboard; name = Base; path = Base.lproj/Main.storyboard; sourceTree = "<group>"; };
		D97111AC2A5C0CDF0096914C /* shareTouch.xcdatamodel */ = {isa = PBXFileReference; lastKnownFileType = wrapper.xcdatamodel; path = shareTouch.xcdatamodel; sourceTree = "<group>"; };
		D97111AE2A5C0CE30096914C /* Assets.xcassets */ = {isa = PBXFileReference; lastKnownFileType = folder.assetcatalog; path = Assets.xcassets; sourceTree = "<group>"; };
		D97111B12A5C0CE30096914C /* Base */ = {isa = PBXFileReference; lastKnownFileType = file.storyboard; name = Base; path = Base.lproj/LaunchScreen.storyboard; sourceTree = "<group>"; };
		D97111B82A5C0CE30096914C /* shareTouchTests.xctest */ = {isa = PBXFileReference; explicitFileType = wrapper.cfbundle; includeInIndex = 0; path = shareTouchTests.xctest; sourceTree = BUILT_PRODUCTS_DIR; };
		D97111BC2A5C0CE30096914C /* shareTouchTests.swift */ = {isa = PBXFileReference; lastKnownFileType = sourcecode.swift; path = shareTouchTests.swift; sourceTree = "<group>"; };
		D97111C22A5C0CE30096914C /* shareTouchUITests.xctest */ = {isa = PBXFileReference; explicitFileType = wrapper.cfbundle; includeInIndex = 0; path = shareTouchUITests.xctest; sourceTree = BUILT_PRODUCTS_DIR; };
		D97111C62A5C0CE30096914C /* shareTouchUITests.swift */ = {isa = PBXFileReference; lastKnownFileType = sourcecode.swift; path = shareTouchUITests.swift; sourceTree = "<group>"; };
		D97111C82A5C0CE30096914C /* shareTouchUITestsLaunchTests.swift */ = {isa = PBXFileReference; lastKnownFileType = sourcecode.swift; path = shareTouchUITestsLaunchTests.swift; sourceTree = "<group>"; };
		D99123E72A5C1B100031EDA0 /* runViewController.swift */ = {isa = PBXFileReference; lastKnownFileType = sourcecode.swift; path = runViewController.swift; sourceTree = "<group>"; };
		D99123E92A5C1B4C0031EDA0 /* scanViewController.swift */ = {isa = PBXFileReference; lastKnownFileType = sourcecode.swift; path = scanViewController.swift; sourceTree = "<group>"; };
		D99123EB2A5C1BA90031EDA0 /* settingViewController.swift */ = {isa = PBXFileReference; lastKnownFileType = sourcecode.swift; path = settingViewController.swift; sourceTree = "<group>"; };
		D99123ED2A5C28F20031EDA0 /* Info.plist */ = {isa = PBXFileReference; fileEncoding = 4; lastKnownFileType = text.plist.xml; name = Info.plist; path = "../../30DaysofSwift-master/Project 22 - 3DTouchQuickAction/3DTouchQuickAction/Info.plist"; sourceTree = "<group>"; };
/* End PBXFileReference section */

/* Begin PBXFrameworksBuildPhase section */
		D96F2E5C2A5C2D17002A88FC /* Frameworks */ = {
			isa = PBXFrameworksBuildPhase;
			buildActionMask = 2147483647;
			files = (
			);
			runOnlyForDeploymentPostprocessing = 0;
		};
		D97111B52A5C0CE30096914C /* Frameworks */ = {
			isa = PBXFrameworksBuildPhase;
			buildActionMask = 2147483647;
			files = (
			);
			runOnlyForDeploymentPostprocessing = 0;
		};
		D97111BF2A5C0CE30096914C /* Frameworks */ = {
			isa = PBXFrameworksBuildPhase;
			buildActionMask = 2147483647;
			files = (
			);
			runOnlyForDeploymentPostprocessing = 0;
		};
/* End PBXFrameworksBuildPhase section */

/* Begin PBXGroup section */
		D96F2E4A2A5C2A45002A88FC /* Frameworks */ = {
			isa = PBXGroup;
			children = (
			);
			name = Frameworks;
			sourceTree = "<group>";
		};
		D97111962A5C0CDF0096914C = {
			isa = PBXGroup;
			children = (
				D97111A12A5C0CDF0096914C /* shareTouch */,
				D96F2E4F2A5C2C23002A88FC /* shareTouch */,
				D97111BB2A5C0CE30096914C /* shareTouchTests */,
				D97111C52A5C0CE30096914C /* shareTouchUITests */,
				D97111A02A5C0CDF0096914C /* Products */,
				D96F2E4A2A5C2A45002A88FC /* Frameworks */,
			);
			sourceTree = "<group>";
		};
		D97111A02A5C0CDF0096914C /* Products */ = {
			isa = PBXGroup;
			children = (
				D971119F2A5C0CDF0096914C /* shareTouch.app */,
				D97111B82A5C0CE30096914C /* shareTouchTests.xctest */,
				D97111C22A5C0CE30096914C /* shareTouchUITests.xctest */,
			);
			name = Products;
			sourceTree = "<group>";
		};
		D97111A12A5C0CDF0096914C /* shareTouch */ = {
			isa = PBXGroup;
			children = (
				D97111A22A5C0CDF0096914C /* AppDelegate.swift */,
				D97111A42A5C0CDF0096914C /* SceneDelegate.swift */,
				D97111A62A5C0CDF0096914C /* ViewController.swift */,
				D99123E92A5C1B4C0031EDA0 /* scanViewController.swift */,
				D99123EB2A5C1BA90031EDA0 /* settingViewController.swift */,
				D99123E72A5C1B100031EDA0 /* runViewController.swift */,
				D97111A82A5C0CDF0096914C /* Main.storyboard */,
				D97111AE2A5C0CE30096914C /* Assets.xcassets */,
				D97111B02A5C0CE30096914C /* LaunchScreen.storyboard */,
				D99123ED2A5C28F20031EDA0 /* Info.plist */,
				D97111AB2A5C0CDF0096914C /* shareTouch.xcdatamodeld */,
			);
			path = shareTouch;
			sourceTree = "<group>";
		};
		D97111BB2A5C0CE30096914C /* shareTouchTests */ = {
			isa = PBXGroup;
			children = (
				D97111BC2A5C0CE30096914C /* shareTouchTests.swift */,
			);
			path = shareTouchTests;
			sourceTree = "<group>";
		};
		D97111C52A5C0CE30096914C /* shareTouchUITests */ = {
			isa = PBXGroup;
			children = (
				D97111C62A5C0CE30096914C /* shareTouchUITests.swift */,
				D97111C82A5C0CE30096914C /* shareTouchUITestsLaunchTests.swift */,
			);
			path = shareTouchUITests;
			sourceTree = "<group>";
		};
/* End PBXGroup section */

/* Begin PBXNativeTarget section */
		D971119E2A5C0CDF0096914C /* shareTouch */ = {
			isa = PBXNativeTarget;
			buildConfigurationList = D97111CC2A5C0CE30096914C /* Build configuration list for PBXNativeTarget "shareTouch" */;
			buildPhases = (
				D96F2E512A5C2CBB002A88FC /* Sources */,
				D96F2E582A5C2CEF002A88FC /* Resources */,
				D96F2E5C2A5C2D17002A88FC /* Frameworks */,
			);
			buildRules = (
			);
			dependencies = (
			);
			name = shareTouch;
			productName = shareTouch;
			productReference = D971119F2A5C0CDF0096914C /* shareTouch.app */;
			productType = "com.apple.product-type.application";
		};
		D97111B72A5C0CE30096914C /* shareTouchTests */ = {
			isa = PBXNativeTarget;
			buildConfigurationList = D97111CF2A5C0CE30096914C /* Build configuration list for PBXNativeTarget "shareTouchTests" */;
			buildPhases = (
				D97111B42A5C0CE30096914C /* Sources */,
				D97111B52A5C0CE30096914C /* Frameworks */,
				D97111B62A5C0CE30096914C /* Resources */,
			);
			buildRules = (
			);
			dependencies = (
				D97111BA2A5C0CE30096914C /* PBXTargetDependency */,
			);
			name = shareTouchTests;
			productName = shareTouchTests;
			productReference = D97111B82A5C0CE30096914C /* shareTouchTests.xctest */;
			productType = "com.apple.product-type.bundle.unit-test";
		};
		D97111C12A5C0CE30096914C /* shareTouchUITests */ = {
			isa = PBXNativeTarget;
			buildConfigurationList = D97111D22A5C0CE30096914C /* Build configuration list for PBXNativeTarget "shareTouchUITests" */;
			buildPhases = (
				D97111BE2A5C0CE30096914C /* Sources */,
				D97111BF2A5C0CE30096914C /* Frameworks */,
				D97111C02A5C0CE30096914C /* Resources */,
			);
			buildRules = (
			);
			dependencies = (
				D97111C42A5C0CE30096914C /* PBXTargetDependency */,
			);
			name = shareTouchUITests;
			productName = shareTouchUITests;
			productReference = D97111C22A5C0CE30096914C /* shareTouchUITests.xctest */;
			productType = "com.apple.product-type.bundle.ui-testing";
		};
/* End PBXNativeTarget section */

/* Begin PBXProject section */
		D97111972A5C0CDF0096914C /* Project object */ = {
			isa = PBXProject;
			attributes = {
				BuildIndependentTargetsInParallel = 1;
				LastSwiftUpdateCheck = 1420;
				LastUpgradeCheck = 1420;
				TargetAttributes = {
					D971119E2A5C0CDF0096914C = {
						CreatedOnToolsVersion = 14.2;
					};
					D97111B72A5C0CE30096914C = {
						CreatedOnToolsVersion = 14.2;
						TestTargetID = D971119E2A5C0CDF0096914C;
					};
					D97111C12A5C0CE30096914C = {
						CreatedOnToolsVersion = 14.2;
						TestTargetID = D971119E2A5C0CDF0096914C;
					};
				};
			};
			buildConfigurationList = D971119A2A5C0CDF0096914C /* Build configuration list for PBXProject "shareTouch" */;
			compatibilityVersion = "Xcode 14.0";
			developmentRegion = en;
			hasScannedForEncodings = 0;
			knownRegions = (
				en,
				Base,
			);
			mainGroup = D97111962A5C0CDF0096914C;
			productRefGroup = D97111A02A5C0CDF0096914C /* Products */;
			projectDirPath = "";
			projectRoot = "";
			targets = (
				D971119E2A5C0CDF0096914C /* shareTouch */,
				D97111B72A5C0CE30096914C /* shareTouchTests */,
				D97111C12A5C0CE30096914C /* shareTouchUITests */,
			);
		};
/* End PBXProject section */

/* Begin PBXResourcesBuildPhase section */
		D96F2E582A5C2CEF002A88FC /* Resources */ = {
			isa = PBXResourcesBuildPhase;
			buildActionMask = 2147483647;
			files = (
				D96F2E592A5C2D00002A88FC /* Main.storyboard in Resources */,
				D96F2E5A2A5C2D00002A88FC /* Assets.xcassets in Resources */,
				D96F2E5B2A5C2D00002A88FC /* LaunchScreen.storyboard in Resources */,
			);
			runOnlyForDeploymentPostprocessing = 0;
		};
		D97111B62A5C0CE30096914C /* Resources */ = {
			isa = PBXResourcesBuildPhase;
			buildActionMask = 2147483647;
			files = (
			);
			runOnlyForDeploymentPostprocessing = 0;
		};
		D97111C02A5C0CE30096914C /* Resources */ = {
			isa = PBXResourcesBuildPhase;
			buildActionMask = 2147483647;
			files = (
			);
			runOnlyForDeploymentPostprocessing = 0;
		};
/* End PBXResourcesBuildPhase section */

/* Begin PBXSourcesBuildPhase section */
		D96F2E512A5C2CBB002A88FC /* Sources */ = {
			isa = PBXSourcesBuildPhase;
			buildActionMask = 2147483647;
			files = (
				D96F2E522A5C2CE8002A88FC /* AppDelegate.swift in Sources */,
				D96F2E532A5C2CE8002A88FC /* SceneDelegate.swift in Sources */,
				D96F2E542A5C2CE8002A88FC /* ViewController.swift in Sources */,
				D96F2E552A5C2CE8002A88FC /* scanViewController.swift in Sources */,
				D96F2E562A5C2CE8002A88FC /* settingViewController.swift in Sources */,
				D96F2E572A5C2CE8002A88FC /* runViewController.swift in Sources */,
			);
			runOnlyForDeploymentPostprocessing = 0;
		};
		D97111B42A5C0CE30096914C /* Sources */ = {
			isa = PBXSourcesBuildPhase;
			buildActionMask = 2147483647;
			files = (
				D97111BD2A5C0CE30096914C /* shareTouchTests.swift in Sources */,
			);
			runOnlyForDeploymentPostprocessing = 0;
		};
		D97111BE2A5C0CE30096914C /* Sources */ = {
			isa = PBXSourcesBuildPhase;
			buildActionMask = 2147483647;
			files = (
				D97111C92A5C0CE30096914C /* shareTouchUITestsLaunchTests.swift in Sources */,
				D97111C72A5C0CE30096914C /* shareTouchUITests.swift in Sources */,
			);
			runOnlyForDeploymentPostprocessing = 0;
		};
/* End PBXSourcesBuildPhase section */

/* Begin PBXTargetDependency section */
		D97111BA2A5C0CE30096914C /* PBXTargetDependency */ = {
			isa = PBXTargetDependency;
			target = D971119E2A5C0CDF0096914C /* shareTouch */;
			targetProxy = D97111B92A5C0CE30096914C /* PBXContainerItemProxy */;
		};
		D97111C42A5C0CE30096914C /* PBXTargetDependency */ = {
			isa = PBXTargetDependency;
			target = D971119E2A5C0CDF0096914C /* shareTouch */;
			targetProxy = D97111C32A5C0CE30096914C /* PBXContainerItemProxy */;
		};
/* End PBXTargetDependency section */

/* Begin PBXVariantGroup section */
		D97111A82A5C0CDF0096914C /* Main.storyboard */ = {
			isa = PBXVariantGroup;
			children = (
				D97111A92A5C0CDF0096914C /* Base */,
			);
			name = Main.storyboard;
			sourceTree = "<group>";
		};
		D97111B02A5C0CE30096914C /* LaunchScreen.storyboard */ = {
			isa = PBXVariantGroup;
			children = (
				D97111B12A5C0CE30096914C /* Base */,
			);
			name = LaunchScreen.storyboard;
			sourceTree = "<group>";
		};
/* End PBXVariantGroup section */

/* Begin XCBuildConfiguration section */
		D97111CA2A5C0CE30096914C /* Debug */ = {
			isa = XCBuildConfiguration;
			buildSettings = {
				ALWAYS_SEARCH_USER_PATHS = NO;
				CLANG_ANALYZER_NONNULL = YES;
				CLANG_ANALYZER_NUMBER_OBJECT_CONVERSION = YES_AGGRESSIVE;
				CLANG_CXX_LANGUAGE_STANDARD = "gnu++20";
				CLANG_ENABLE_MODULES = YES;
				CLANG_ENABLE_OBJC_ARC = YES;
				CLANG_ENABLE_OBJC_WEAK = YES;
				CLANG_WARN_BLOCK_CAPTURE_AUTORELEASING = YES;
				CLANG_WARN_BOOL_CONVERSION = YES;
				CLANG_WARN_COMMA = YES;
				CLANG_WARN_CONSTANT_CONVERSION = YES;
				CLANG_WARN_DEPRECATED_OBJC_IMPLEMENTATIONS = YES;
				CLANG_WARN_DIRECT_OBJC_ISA_USAGE = YES_ERROR;
				CLANG_WARN_DOCUMENTATION_COMMENTS = YES;
				CLANG_WARN_EMPTY_BODY = YES;
				CLANG_WARN_ENUM_CONVERSION = YES;
				CLANG_WARN_INFINITE_RECURSION = YES;
				CLANG_WARN_INT_CONVERSION = YES;
				CLANG_WARN_NON_LITERAL_NULL_CONVERSION = YES;
				CLANG_WARN_OBJC_IMPLICIT_RETAIN_SELF = YES;
				CLANG_WARN_OBJC_LITERAL_CONVERSION = YES;
				CLANG_WARN_OBJC_ROOT_CLASS = YES_ERROR;
				CLANG_WARN_QUOTED_INCLUDE_IN_FRAMEWORK_HEADER = YES;
				CLANG_WARN_RANGE_LOOP_ANALYSIS = YES;
				CLANG_WARN_STRICT_PROTOTYPES = YES;
				CLANG_WARN_SUSPICIOUS_MOVE = YES;
				CLANG_WARN_UNGUARDED_AVAILABILITY = YES_AGGRESSIVE;
				CLANG_WARN_UNREACHABLE_CODE = YES;
				CLANG_WARN__DUPLICATE_METHOD_MATCH = YES;
				COPY_PHASE_STRIP = NO;
				DEBUG_INFORMATION_FORMAT = dwarf;
				ENABLE_STRICT_OBJC_MSGSEND = YES;
				ENABLE_TESTABILITY = YES;
				GCC_C_LANGUAGE_STANDARD = gnu11;
				GCC_DYNAMIC_NO_PIC = NO;
				GCC_NO_COMMON_BLOCKS = YES;
				GCC_OPTIMIZATION_LEVEL = 0;
				GCC_PREPROCESSOR_DEFINITIONS = (
					"DEBUG=1",
					"$(inherited)",
				);
				GCC_WARN_64_TO_32_BIT_CONVERSION = YES;
				GCC_WARN_ABOUT_RETURN_TYPE = YES_ERROR;
				GCC_WARN_UNDECLARED_SELECTOR = YES;
				GCC_WARN_UNINITIALIZED_AUTOS = YES_AGGRESSIVE;
				GCC_WARN_UNUSED_FUNCTION = YES;
				GCC_WARN_UNUSED_VARIABLE = YES;
				IPHONEOS_DEPLOYMENT_TARGET = 16.2;
				MTL_ENABLE_DEBUG_INFO = INCLUDE_SOURCE;
				MTL_FAST_MATH = YES;
				ONLY_ACTIVE_ARCH = YES;
				SDKROOT = iphoneos;
				SWIFT_ACTIVE_COMPILATION_CONDITIONS = DEBUG;
				SWIFT_OPTIMIZATION_LEVEL = "-Onone";
			};
			name = Debug;
		};
		D97111CB2A5C0CE30096914C /* Release */ = {
			isa = XCBuildConfiguration;
			buildSettings = {
				ALWAYS_SEARCH_USER_PATHS = NO;
				CLANG_ANALYZER_NONNULL = YES;
				CLANG_ANALYZER_NUMBER_OBJECT_CONVERSION = YES_AGGRESSIVE;
				CLANG_CXX_LANGUAGE_STANDARD = "gnu++20";
				CLANG_ENABLE_MODULES = YES;
				CLANG_ENABLE_OBJC_ARC = YES;
				CLANG_ENABLE_OBJC_WEAK = YES;
				CLANG_WARN_BLOCK_CAPTURE_AUTORELEASING = YES;
				CLANG_WARN_BOOL_CONVERSION = YES;
				CLANG_WARN_COMMA = YES;
				CLANG_WARN_CONSTANT_CONVERSION = YES;
				CLANG_WARN_DEPRECATED_OBJC_IMPLEMENTATIONS = YES;
				CLANG_WARN_DIRECT_OBJC_ISA_USAGE = YES_ERROR;
				CLANG_WARN_DOCUMENTATION_COMMENTS = YES;
				CLANG_WARN_EMPTY_BODY = YES;
				CLANG_WARN_ENUM_CONVERSION = YES;
				CLANG_WARN_INFINITE_RECURSION = YES;
				CLANG_WARN_INT_CONVERSION = YES;
				CLANG_WARN_NON_LITERAL_NULL_CONVERSION = YES;
				CLANG_WARN_OBJC_IMPLICIT_RETAIN_SELF = YES;
				CLANG_WARN_OBJC_LITERAL_CONVERSION = YES;
				CLANG_WARN_OBJC_ROOT_CLASS = YES_ERROR;
				CLANG_WARN_QUOTED_INCLUDE_IN_FRAMEWORK_HEADER = YES;
				CLANG_WARN_RANGE_LOOP_ANALYSIS = YES;
				CLANG_WARN_STRICT_PROTOTYPES = YES;
				CLANG_WARN_SUSPICIOUS_MOVE = YES;
				CLANG_WARN_UNGUARDED_AVAILABILITY = YES_AGGRESSIVE;
				CLANG_WARN_UNREACHABLE_CODE = YES;
				CLANG_WARN__DUPLICATE_METHOD_MATCH = YES;
				COPY_PHASE_STRIP = NO;
				DEBUG_INFORMATION_FORMAT = "dwarf-with-dsym";
				ENABLE_NS_ASSERTIONS = NO;
				ENABLE_STRICT_OBJC_MSGSEND = YES;
				GCC_C_LANGUAGE_STANDARD = gnu11;
				GCC_NO_COMMON_BLOCKS = YES;
				GCC_WARN_64_TO_32_BIT_CONVERSION = YES;
				GCC_WARN_ABOUT_RETURN_TYPE = YES_ERROR;
				GCC_WARN_UNDECLARED_SELECTOR = YES;
				GCC_WARN_UNINITIALIZED_AUTOS = YES_AGGRESSIVE;
				GCC_WARN_UNUSED_FUNCTION = YES;
				GCC_WARN_UNUSED_VARIABLE = YES;
				IPHONEOS_DEPLOYMENT_TARGET = 16.2;
				MTL_ENABLE_DEBUG_INFO = NO;
				MTL_FAST_MATH = YES;
				SDKROOT = iphoneos;
				SWIFT_COMPILATION_MODE = wholemodule;
				SWIFT_OPTIMIZATION_LEVEL = "-O";
				VALIDATE_PRODUCT = YES;
			};
			name = Release;
		};
		D97111CD2A5C0CE30096914C /* Debug */ = {
			isa = XCBuildConfiguration;
			buildSettings = {
				ASSETCATALOG_COMPILER_APPICON_NAME = AppIcon;
				ASSETCATALOG_COMPILER_GLOBAL_ACCENT_COLOR_NAME = AccentColor;
				CODE_SIGN_STYLE = Automatic;
				CURRENT_PROJECT_VERSION = 1;
				GENERATE_INFOPLIST_FILE = YES;
				INFOPLIST_FILE = shareTouch/Info.plist;
				INFOPLIST_KEY_UIApplicationSupportsIndirectInputEvents = YES;
				INFOPLIST_KEY_UILaunchStoryboardName = LaunchScreen;
				INFOPLIST_KEY_UIMainStoryboardFile = Main;
				INFOPLIST_KEY_UIStatusBarStyle = "";
				INFOPLIST_KEY_UISupportedInterfaceOrientations_iPad = "UIInterfaceOrientationPortrait UIInterfaceOrientationPortraitUpsideDown UIInterfaceOrientationLandscapeLeft UIInterfaceOrientationLandscapeRight";
				INFOPLIST_KEY_UISupportedInterfaceOrientations_iPhone = "UIInterfaceOrientationPortrait UIInterfaceOrientationLandscapeLeft UIInterfaceOrientationLandscapeRight";
				LD_RUNPATH_SEARCH_PATHS = (
					"$(inherited)",
					"@executable_path/Frameworks",
				);
				MARKETING_VERSION = 1.0;
				PRODUCT_BUNDLE_IDENTIFIER = imc.shareTouch;
				PRODUCT_NAME = "$(TARGET_NAME)";
				SWIFT_EMIT_LOC_STRINGS = YES;
				SWIFT_VERSION = 5.0;
				TARGETED_DEVICE_FAMILY = "1,2";
			};
			name = Debug;
		};
		D97111CE2A5C0CE30096914C /* Release */ = {
			isa = XCBuildConfiguration;
			buildSettings = {
				ASSETCATALOG_COMPILER_APPICON_NAME = AppIcon;
				ASSETCATALOG_COMPILER_GLOBAL_ACCENT_COLOR_NAME = AccentColor;
				CODE_SIGN_STYLE = Automatic;
				CURRENT_PROJECT_VERSION = 1;
				GENERATE_INFOPLIST_FILE = YES;
				INFOPLIST_FILE = shareTouch/Info.plist;
				INFOPLIST_KEY_UIApplicationSupportsIndirectInputEvents = YES;
				INFOPLIST_KEY_UILaunchStoryboardName = LaunchScreen;
				INFOPLIST_KEY_UIMainStoryboardFile = Main;
				INFOPLIST_KEY_UIStatusBarStyle = "";
				INFOPLIST_KEY_UISupportedInterfaceOrientations_iPad = "UIInterfaceOrientationPortrait UIInterfaceOrientationPortraitUpsideDown UIInterfaceOrientationLandscapeLeft UIInterfaceOrientationLandscapeRight";
				INFOPLIST_KEY_UISupportedInterfaceOrientations_iPhone = "UIInterfaceOrientationPortrait UIInterfaceOrientationLandscapeLeft UIInterfaceOrientationLandscapeRight";
				LD_RUNPATH_SEARCH_PATHS = (
					"$(inherited)",
					"@executable_path/Frameworks",
				);
				MARKETING_VERSION = 1.0;
				PRODUCT_BUNDLE_IDENTIFIER = imc.shareTouch;
				PRODUCT_NAME = "$(TARGET_NAME)";
				SWIFT_EMIT_LOC_STRINGS = YES;
				SWIFT_VERSION = 5.0;
				TARGETED_DEVICE_FAMILY = "1,2";
			};
			name = Release;
		};
		D97111D02A5C0CE30096914C /* Debug */ = {
			isa = XCBuildConfiguration;
			buildSettings = {
				ALWAYS_EMBED_SWIFT_STANDARD_LIBRARIES = YES;
				BUNDLE_LOADER = "$(TEST_HOST)";
				CODE_SIGN_STYLE = Automatic;
				CURRENT_PROJECT_VERSION = 1;
				GENERATE_INFOPLIST_FILE = YES;
				IPHONEOS_DEPLOYMENT_TARGET = 16.2;
				MARKETING_VERSION = 1.0;
				PRODUCT_BUNDLE_IDENTIFIER = imc.shareTouchTests;
				PRODUCT_NAME = "$(TARGET_NAME)";
				SWIFT_EMIT_LOC_STRINGS = NO;
				SWIFT_VERSION = 5.0;
				TARGETED_DEVICE_FAMILY = "1,2";
				TEST_HOST = "$(BUILT_PRODUCTS_DIR)/shareTouch.app/$(BUNDLE_EXECUTABLE_FOLDER_PATH)/shareTouch";
			};
			name = Debug;
		};
		D97111D12A5C0CE30096914C /* Release */ = {
			isa = XCBuildConfiguration;
			buildSettings = {
				ALWAYS_EMBED_SWIFT_STANDARD_LIBRARIES = YES;
				BUNDLE_LOADER = "$(TEST_HOST)";
				CODE_SIGN_STYLE = Automatic;
				CURRENT_PROJECT_VERSION = 1;
				GENERATE_INFOPLIST_FILE = YES;
				IPHONEOS_DEPLOYMENT_TARGET = 16.2;
				MARKETING_VERSION = 1.0;
				PRODUCT_BUNDLE_IDENTIFIER = imc.shareTouchTests;
				PRODUCT_NAME = "$(TARGET_NAME)";
				SWIFT_EMIT_LOC_STRINGS = NO;
				SWIFT_VERSION = 5.0;
				TARGETED_DEVICE_FAMILY = "1,2";
				TEST_HOST = "$(BUILT_PRODUCTS_DIR)/shareTouch.app/$(BUNDLE_EXECUTABLE_FOLDER_PATH)/shareTouch";
			};
			name = Release;
		};
		D97111D32A5C0CE30096914C /* Debug */ = {
			isa = XCBuildConfiguration;
			buildSettings = {
				ALWAYS_EMBED_SWIFT_STANDARD_LIBRARIES = YES;
				CODE_SIGN_STYLE = Automatic;
				CURRENT_PROJECT_VERSION = 1;
				GENERATE_INFOPLIST_FILE = YES;
				MARKETING_VERSION = 1.0;
				PRODUCT_BUNDLE_IDENTIFIER = imc.shareTouchUITests;
				PRODUCT_NAME = "$(TARGET_NAME)";
				SWIFT_EMIT_LOC_STRINGS = NO;
				SWIFT_VERSION = 5.0;
				TARGETED_DEVICE_FAMILY = "1,2";
				TEST_TARGET_NAME = shareTouch;
			};
			name = Debug;
		};
		D97111D42A5C0CE30096914C /* Release */ = {
			isa = XCBuildConfiguration;
			buildSettings = {
				ALWAYS_EMBED_SWIFT_STANDARD_LIBRARIES = YES;
				CODE_SIGN_STYLE = Automatic;
				CURRENT_PROJECT_VERSION = 1;
				GENERATE_INFOPLIST_FILE = YES;
				MARKETING_VERSION = 1.0;
				PRODUCT_BUNDLE_IDENTIFIER = imc.shareTouchUITests;
				PRODUCT_NAME = "$(TARGET_NAME)";
				SWIFT_EMIT_LOC_STRINGS = NO;
				SWIFT_VERSION = 5.0;
				TARGETED_DEVICE_FAMILY = "1,2";
				TEST_TARGET_NAME = shareTouch;
			};
			name = Release;
		};
/* End XCBuildConfiguration section */

/* Begin XCConfigurationList section */
		D971119A2A5C0CDF0096914C /* Build configuration list for PBXProject "shareTouch" */ = {
			isa = XCConfigurationList;
			buildConfigurations = (
				D97111CA2A5C0CE30096914C /* Debug */,
				D97111CB2A5C0CE30096914C /* Release */,
			);
			defaultConfigurationIsVisible = 0;
			defaultConfigurationName = Release;
		};
		D97111CC2A5C0CE30096914C /* Build configuration list for PBXNativeTarget "shareTouch" */ = {
			isa = XCConfigurationList;
			buildConfigurations = (
				D97111CD2A5C0CE30096914C /* Debug */,
				D97111CE2A5C0CE30096914C /* Release */,
			);
			defaultConfigurationIsVisible = 0;
			defaultConfigurationName = Release;
		};
		D97111CF2A5C0CE30096914C /* Build configuration list for PBXNativeTarget "shareTouchTests" */ = {
			isa = XCConfigurationList;
			buildConfigurations = (
				D97111D02A5C0CE30096914C /* Debug */,
				D97111D12A5C0CE30096914C /* Release */,
			);
			defaultConfigurationIsVisible = 0;
			defaultConfigurationName = Release;
		};
		D97111D22A5C0CE30096914C /* Build configuration list for PBXNativeTarget "shareTouchUITests" */ = {
			isa = XCConfigurationList;
			buildConfigurations = (
				D97111D32A5C0CE30096914C /* Debug */,
				D97111D42A5C0CE30096914C /* Release */,
			);
			defaultConfigurationIsVisible = 0;
			defaultConfigurationName = Release;
		};
/* End XCConfigurationList section */

/* Begin XCVersionGroup section */
		D97111AB2A5C0CDF0096914C /* shareTouch.xcdatamodeld */ = {
			isa = XCVersionGroup;
			children = (
				D97111AC2A5C0CDF0096914C /* shareTouch.xcdatamodel */,
			);
			currentVersion = D97111AC2A5C0CDF0096914C /* shareTouch.xcdatamodel */;
			path = shareTouch.xcdatamodeld;
			sourceTree = "<group>";
			versionGroupType = wrapper.xcdatamodel;
		};
/* End XCVersionGroup section */
	};
	rootObject = D97111972A5C0CDF0096914C /* Project object */;
}
